
Microsoft Visual Studio Solution File, Format Version 12.00
# Visual Studio Version 17
VisualStudioVersion = 17.8.34525.116
MinimumVisualStudioVersion = 10.0.40219.1
Project("{FAE04EC0-301F-11D3-BF4B-00C04F79EFBC}") = "KurlarServis", "KurlarServis\KurlarServis.csproj", "{6ECF3B34-0A38-442A-BB72-195109B7003F}"
EndProject
Project("{FAE04EC0-301F-11D3-BF4B-00C04F79EFBC}") = "KurlarMvc", "KurlarMvc\KurlarMvc.csproj", "{3A4DEF00-9EA2-4A8F-B90E-262F36C519AB}"
	ProjectSection(ProjectDependencies) = postProject
		{6ECF3B34-0A38-442A-BB72-195109B7003F} = {6ECF3B34-0A38-442A-BB72-195109B7003F}
	EndProjectSection
EndProject
Global
	GlobalSection(SolutionConfigurationPlatforms) = preSolution
		Debug|Any CPU = Debug|Any CPU
		Release|Any CPU = Release|Any CPU
	EndGlobalSection
	GlobalSection(ProjectConfigurationPlatforms) = postSolution
		{6ECF3B34-0A38-442A-BB72-195109B7003F}.Debug|Any CPU.ActiveCfg = Debug|Any CPU
		{6ECF3B34-0A38-442A-BB72-195109B7003F}.Debug|Any CPU.Build.0 = Debug|Any CPU
		{6ECF3B34-0A38-442A-BB72-195109B7003F}.Release|Any CPU.ActiveCfg = Release|Any CPU
		{6ECF3B34-0A38-442A-BB72-195109B7003F}.Release|Any CPU.Build.0 = Release|Any CPU
		{3A4DEF00-9EA2-4A8F-B90E-262F36C519AB}.Debug|Any CPU.ActiveCfg = Debug|Any CPU
		{3A4DEF00-9EA2-4A8F-B90E-262F36C519AB}.Debug|Any CPU.Build.0 = Debug|Any CPU
		{3A4DEF00-9EA2-4A8F-B90E-262F36C519AB}.Release|Any CPU.ActiveCfg = Release|Any CPU
		{3A4DEF00-9EA2-4A8F-B90E-262F36C519AB}.Release|Any CPU.Build.0 = Release|Any CPU
	EndGlobalSection
	GlobalSection(SolutionProperties) = preSolution
		HideSolutionNode = FALSE
	EndGlobalSection
	GlobalSection(ExtensibilityGlobals) = postSolution
		SolutionGuid = {D36EF96A-A7C3-43E4-AC56-5DDE44EB3288}
	EndGlobalSection
EndGlobal
